
Microsoft Visual Studio Solution File, Format Version 12.00
# Visual Studio Version 16
VisualStudioVersion = 16.0.31702.278
MinimumVisualStudioVersion = 10.0.40219.1
Project("{FAE04EC0-301F-11D3-BF4B-00C04F79EFBC}") = "Sum Func", "Sum Func\Sum Func.csproj", "{52C4FD4F-70BA-413F-B9C8-6078F2A1E969}"
EndProject
Global
	GlobalSection(SolutionConfigurationPlatforms) = preSolution
		Debug|Any CPU = Debug|Any CPU
		Release|Any CPU = Release|Any CPU
	EndGlobalSection
	GlobalSection(ProjectConfigurationPlatforms) = postSolution
		{52C4FD4F-70BA-413F-B9C8-6078F2A1E969}.Debug|Any CPU.ActiveCfg = Debug|Any CPU
		{52C4FD4F-70BA-413F-B9C8-6078F2A1E969}.Debug|Any CPU.Build.0 = Debug|Any CPU
		{52C4FD4F-70BA-413F-B9C8-6078F2A1E969}.Release|Any CPU.ActiveCfg = Release|Any CPU
		{52C4FD4F-70BA-413F-B9C8-6078F2A1E969}.Release|Any CPU.Build.0 = Release|Any CPU
	EndGlobalSection
	GlobalSection(SolutionProperties) = preSolution
		HideSolutionNode = FALSE
	EndGlobalSection
	GlobalSection(ExtensibilityGlobals) = postSolution
		SolutionGuid = {E7CF4A58-CF43-47B9-9465-FC66A783619A}
	EndGlobalSection
EndGlobal
